
Microsoft Visual Studio Solution File, Format Version 12.00
# Visual Studio Version 17
VisualStudioVersion = 17.13.35931.197 d17.13
MinimumVisualStudioVersion = 10.0.40219.1
Project("{FAE04EC0-301F-11D3-BF4B-00C04F79EFBC}") = "WpfApp01", "WpfApp01\WpfApp01.csproj", "{B169CFD1-A50D-4F07-B735-C1EB4340E368}"
EndProject
Global
	GlobalSection(SolutionConfigurationPlatforms) = preSolution
		Debug|Any CPU = Debug|Any CPU
		Release|Any CPU = Release|Any CPU
	EndGlobalSection
	GlobalSection(ProjectConfigurationPlatforms) = postSolution
		{B169CFD1-A50D-4F07-B735-C1EB4340E368}.Debug|Any CPU.ActiveCfg = Debug|Any CPU
		{B169CFD1-A50D-4F07-B735-C1EB4340E368}.Debug|Any CPU.Build.0 = Debug|Any CPU
		{B169CFD1-A50D-4F07-B735-C1EB4340E368}.Release|Any CPU.ActiveCfg = Release|Any CPU
		{B169CFD1-A50D-4F07-B735-C1EB4340E368}.Release|Any CPU.Build.0 = Release|Any CPU
	EndGlobalSection
	GlobalSection(SolutionProperties) = preSolution
		HideSolutionNode = FALSE
	EndGlobalSection
	GlobalSection(ExtensibilityGlobals) = postSolution
		SolutionGuid = {A1AFCDE7-3613-4AD1-B2E1-0FC18E3D4197}
	EndGlobalSection
EndGlobal
